
Microsoft Visual Studio Solution File, Format Version 12.00
# Visual Studio Version 17
VisualStudioVersion = 17.3.32901.215
MinimumVisualStudioVersion = 10.0.40219.1
Project("{8BC9CEB8-8B4A-11D0-8D11-00A0C91BC942}") = "BuilderCodeExercise", "Sil\Sil.vcxproj", "{8E60C482-D864-48EE-8B57-E18360D25BD6}"
EndProject
Project("{8BC9CEB8-8B4A-11D0-8D11-00A0C91BC942}") = "FactoryCodeExercise", "FactoryCodeExercise\FactoryCodeExercise.vcxproj", "{7D757C94-1FA4-42D7-8096-21BF1E24DA0C}"
EndProject
Project("{8BC9CEB8-8B4A-11D0-8D11-00A0C91BC942}") = "PrototypeCodeExercise", "PrototypeCodeExercise\PrototypeCodeExercise.vcxproj", "{BCC2FAD4-D223-432F-B74A-C29152796BC3}"
EndProject
Project("{8BC9CEB8-8B4A-11D0-8D11-00A0C91BC942}") = "SingletonCodeExercise", "SingletonCodeExercise\SingletonCodeExercise.vcxproj", "{3B34335C-960A-48E2-8909-0B64612FAC56}"
EndProject
Project("{8BC9CEB8-8B4A-11D0-8D11-00A0C91BC942}") = "AdapterCodeExercise", "AdapterCodeExercise\AdapterCodeExercise.vcxproj", "{97682639-9F99-4EBF-8CCA-ED525CC334E6}"
EndProject
Project("{8BC9CEB8-8B4A-11D0-8D11-00A0C91BC942}") = "BridgeCodeExercise", "BridgeCodeExercise\BridgeCodeExercise.vcxproj", "{B7AA03F8-8413-47E6-9E6A-1B2CDFE4BB0E}"
EndProject
Project("{8BC9CEB8-8B4A-11D0-8D11-00A0C91BC942}") = "CompositeCodeExercise", "CompositeCodeExercise\CompositeCodeExercise.vcxproj", "{7DC925D2-6DCB-49C7-8266-5245990D78EB}"
EndProject
Project("{8BC9CEB8-8B4A-11D0-8D11-00A0C91BC942}") = "DecoratorCodeExercise", "DecoratorCodeExercise\DecoratorCodeExercise.vcxproj", "{2E253E83-EBA4-407E-8886-03DFB83AE0EE}"
EndProject
Project("{8BC9CEB8-8B4A-11D0-8D11-00A0C91BC942}") = "FlyWeightCodeExercise", "FlyWeightCodeExercise\FlyWeightCodeExercise.vcxproj", "{62C859DB-4AC9-447F-9B08-140FF6ABE3C5}"
EndProject
Project("{8BC9CEB8-8B4A-11D0-8D11-00A0C91BC942}") = "ProxyCodeExercise", "ProxyCodeExercise\ProxyCodeExercise.vcxproj", "{7416C69D-0BBA-45F7-B132-B4FDAE1E0206}"
EndProject
Project("{8BC9CEB8-8B4A-11D0-8D11-00A0C91BC942}") = "ChainOfResponsibilityCodeExercise", "ChainOfResponsibilityCodeExercise\ChainOfResponsibilityCodeExercise.vcxproj", "{6B41741F-F334-4C5F-AB24-6A98C9FD0751}"
EndProject
Project("{8BC9CEB8-8B4A-11D0-8D11-00A0C91BC942}") = "CommandCodeExercise", "CommandCodeExercise\CommandCodeExercise.vcxproj", "{DDA49B69-DEA2-4D95-A2BC-820F94D15080}"
EndProject
Project("{8BC9CEB8-8B4A-11D0-8D11-00A0C91BC942}") = "IteratorCodeExercise", "IteratorCodeExercise\IteratorCodeExercise.vcxproj", "{79706B0F-A789-4AEE-8B04-D04E75EF6FD4}"
EndProject
Project("{8BC9CEB8-8B4A-11D0-8D11-00A0C91BC942}") = "MediatorCodeExercise", "MediatorCodeExercise\MediatorCodeExercise.vcxproj", "{33FD06E4-9EEF-4D83-A784-21541C156DB4}"
EndProject
Project("{8BC9CEB8-8B4A-11D0-8D11-00A0C91BC942}") = "MementoCodeExercise", "MementoCodeExercise\MementoCodeExercise.vcxproj", "{68BA3723-DD90-47CD-B8F2-BD7A48CCDB6E}"
EndProject
Project("{8BC9CEB8-8B4A-11D0-8D11-00A0C91BC942}") = "ObserverCodeExercise", "ObserverCodeExercise\ObserverCodeExercise.vcxproj", "{D28181A6-9321-4D41-887C-163E023C5709}"
EndProject
Project("{8BC9CEB8-8B4A-11D0-8D11-00A0C91BC942}") = "StateCodeExercise2", "StateCodeExercise2\StateCodeExercise2.vcxproj", "{6C8AE99A-89EA-44B8-8B5E-AB20B1761D04}"
EndProject
Project("{8BC9CEB8-8B4A-11D0-8D11-00A0C91BC942}") = "StrategyCodeExercise", "StrategyCodeExercise\StrategyCodeExercise.vcxproj", "{9379F221-E735-4A09-9FFB-3DE8D116C1F3}"
EndProject
Project("{8BC9CEB8-8B4A-11D0-8D11-00A0C91BC942}") = "TemplateMethodCodeExercise", "TempletaMethodCodeExercise\TempletaMethodCodeExercise.vcxproj", "{652B68CD-2FEF-4E8A-8FC5-4B937B4B38AB}"
EndProject
Project("{8BC9CEB8-8B4A-11D0-8D11-00A0C91BC942}") = "VisitorCodeExercise", "VisitorCodeExercise\VisitorCodeExercise.vcxproj", "{DB185F29-1806-4A30-BAE9-9DA2E34D2D01}"
EndProject
Project("{8BC9CEB8-8B4A-11D0-8D11-00A0C91BC942}") = "PointerModifiers", "PointerModifiers\PointerModifiers.vcxproj", "{27DF1F03-A107-4ADB-B4D9-871A01484010}"
EndProject
Project("{8BC9CEB8-8B4A-11D0-8D11-00A0C91BC942}") = "Pointer", "Pointer\Pointer.vcxproj", "{C41BD685-AA27-4752-BB1E-1D3062DBC21F}"
EndProject
Global
	GlobalSection(SolutionConfigurationPlatforms) = preSolution
		Debug|ARM = Debug|ARM
		Debug|ARM64 = Debug|ARM64
		Debug|x64 = Debug|x64
		Debug|x86 = Debug|x86
		Release|ARM = Release|ARM
		Release|ARM64 = Release|ARM64
		Release|x64 = Release|x64
		Release|x86 = Release|x86
	EndGlobalSection
	GlobalSection(ProjectConfigurationPlatforms) = postSolution
		{8E60C482-D864-48EE-8B57-E18360D25BD6}.Debug|ARM.ActiveCfg = Debug|x64
		{8E60C482-D864-48EE-8B57-E18360D25BD6}.Debug|ARM.Build.0 = Debug|x64
		{8E60C482-D864-48EE-8B57-E18360D25BD6}.Debug|ARM64.ActiveCfg = Debug|x64
		{8E60C482-D864-48EE-8B57-E18360D25BD6}.Debug|ARM64.Build.0 = Debug|x64
		{8E60C482-D864-48EE-8B57-E18360D25BD6}.Debug|x64.ActiveCfg = Debug|x64
		{8E60C482-D864-48EE-8B57-E18360D25BD6}.Debug|x64.Build.0 = Debug|x64
		{8E60C482-D864-48EE-8B57-E18360D25BD6}.Debug|x86.ActiveCfg = Debug|Win32
		{8E60C482-D864-48EE-8B57-E18360D25BD6}.Debug|x86.Build.0 = Debug|Win32
		{8E60C482-D864-48EE-8B57-E18360D25BD6}.Release|ARM.ActiveCfg = Release|x64
		{8E60C482-D864-48EE-8B57-E18360D25BD6}.Release|ARM.Build.0 = Release|x64
		{8E60C482-D864-48EE-8B57-E18360D25BD6}.Release|ARM64.ActiveCfg = Release|x64
		{8E60C482-D864-48EE-8B57-E18360D25BD6}.Release|ARM64.Build.0 = Release|x64
		{8E60C482-D864-48EE-8B57-E18360D25BD6}.Release|x64.ActiveCfg = Release|x64
		{8E60C482-D864-48EE-8B57-E18360D25BD6}.Release|x64.Build.0 = Release|x64
		{8E60C482-D864-48EE-8B57-E18360D25BD6}.Release|x86.ActiveCfg = Release|Win32
		{8E60C482-D864-48EE-8B57-E18360D25BD6}.Release|x86.Build.0 = Release|Win32
		{7D757C94-1FA4-42D7-8096-21BF1E24DA0C}.Debug|ARM.ActiveCfg = Debug|x64
		{7D757C94-1FA4-42D7-8096-21BF1E24DA0C}.Debug|ARM.Build.0 = Debug|x64
		{7D757C94-1FA4-42D7-8096-21BF1E24DA0C}.Debug|ARM64.ActiveCfg = Debug|x64
		{7D757C94-1FA4-42D7-8096-21BF1E24DA0C}.Debug|ARM64.Build.0 = Debug|x64
		{7D757C94-1FA4-42D7-8096-21BF1E24DA0C}.Debug|x64.ActiveCfg = Debug|x64
		{7D757C94-1FA4-42D7-8096-21BF1E24DA0C}.Debug|x64.Build.0 = Debug|x64
		{7D757C94-1FA4-42D7-8096-21BF1E24DA0C}.Debug|x86.ActiveCfg = Debug|Win32
		{7D757C94-1FA4-42D7-8096-21BF1E24DA0C}.Debug|x86.Build.0 = Debug|Win32
		{7D757C94-1FA4-42D7-8096-21BF1E24DA0C}.Release|ARM.ActiveCfg = Release|x64
		{7D757C94-1FA4-42D7-8096-21BF1E24DA0C}.Release|ARM.Build.0 = Release|x64
		{7D757C94-1FA4-42D7-8096-21BF1E24DA0C}.Release|ARM64.ActiveCfg = Release|x64
		{7D757C94-1FA4-42D7-8096-21BF1E24DA0C}.Release|ARM64.Build.0 = Release|x64
		{7D757C94-1FA4-42D7-8096-21BF1E24DA0C}.Release|x64.ActiveCfg = Release|x64
		{7D757C94-1FA4-42D7-8096-21BF1E24DA0C}.Release|x64.Build.0 = Release|x64
		{7D757C94-1FA4-42D7-8096-21BF1E24DA0C}.Release|x86.ActiveCfg = Release|Win32
		{7D757C94-1FA4-42D7-8096-21BF1E24DA0C}.Release|x86.Build.0 = Release|Win32
		{BCC2FAD4-D223-432F-B74A-C29152796BC3}.Debug|ARM.ActiveCfg = Debug|x64
		{BCC2FAD4-D223-432F-B74A-C29152796BC3}.Debug|ARM.Build.0 = Debug|x64
		{BCC2FAD4-D223-432F-B74A-C29152796BC3}.Debug|ARM64.ActiveCfg = Debug|x64
		{BCC2FAD4-D223-432F-B74A-C29152796BC3}.Debug|ARM64.Build.0 = Debug|x64
		{BCC2FAD4-D223-432F-B74A-C29152796BC3}.Debug|x64.ActiveCfg = Debug|x64
		{BCC2FAD4-D223-432F-B74A-C29152796BC3}.Debug|x64.Build.0 = Debug|x64
		{BCC2FAD4-D223-432F-B74A-C29152796BC3}.Debug|x86.ActiveCfg = Debug|Win32
		{BCC2FAD4-D223-432F-B74A-C29152796BC3}.Debug|x86.Build.0 = Debug|Win32
		{BCC2FAD4-D223-432F-B74A-C29152796BC3}.Release|ARM.ActiveCfg = Release|x64
		{BCC2FAD4-D223-432F-B74A-C29152796BC3}.Release|ARM.Build.0 = Release|x64
		{BCC2FAD4-D223-432F-B74A-C29152796BC3}.Release|ARM64.ActiveCfg = Release|x64
		{BCC2FAD4-D223-432F-B74A-C29152796BC3}.Release|ARM64.Build.0 = Release|x64
		{BCC2FAD4-D223-432F-B74A-C29152796BC3}.Release|x64.ActiveCfg = Release|x64
		{BCC2FAD4-D223-432F-B74A-C29152796BC3}.Release|x64.Build.0 = Release|x64
		{BCC2FAD4-D223-432F-B74A-C29152796BC3}.Release|x86.ActiveCfg = Release|Win32
		{BCC2FAD4-D223-432F-B74A-C29152796BC3}.Release|x86.Build.0 = Release|Win32
		{3B34335C-960A-48E2-8909-0B64612FAC56}.Debug|ARM.ActiveCfg = Debug|x64
		{3B34335C-960A-48E2-8909-0B64612FAC56}.Debug|ARM.Build.0 = Debug|x64
		{3B34335C-960A-48E2-8909-0B64612FAC56}.Debug|ARM64.ActiveCfg = Debug|x64
		{3B34335C-960A-48E2-8909-0B64612FAC56}.Debug|ARM64.Build.0 = Debug|x64
		{3B34335C-960A-48E2-8909-0B64612FAC56}.Debug|x64.ActiveCfg = Debug|x64
		{3B34335C-960A-48E2-8909-0B64612FAC56}.Debug|x64.Build.0 = Debug|x64
		{3B34335C-960A-48E2-8909-0B64612FAC56}.Debug|x86.ActiveCfg = Debug|Win32
		{3B34335C-960A-48E2-8909-0B64612FAC56}.Debug|x86.Build.0 = Debug|Win32
		{3B34335C-960A-48E2-8909-0B64612FAC56}.Release|ARM.ActiveCfg = Release|x64
		{3B34335C-960A-48E2-8909-0B64612FAC56}.Release|ARM.Build.0 = Release|x64
		{3B34335C-960A-48E2-8909-0B64612FAC56}.Release|ARM64.ActiveCfg = Release|x64
		{3B34335C-960A-48E2-8909-0B64612FAC56}.Release|ARM64.Build.0 = Release|x64
		{3B34335C-960A-48E2-8909-0B64612FAC56}.Release|x64.ActiveCfg = Release|x64
		{3B34335C-960A-48E2-8909-0B64612FAC56}.Release|x64.Build.0 = Release|x64
		{3B34335C-960A-48E2-8909-0B64612FAC56}.Release|x86.ActiveCfg = Release|Win32
		{3B34335C-960A-48E2-8909-0B64612FAC56}.Release|x86.Build.0 = Release|Win32
		{97682639-9F99-4EBF-8CCA-ED525CC334E6}.Debug|ARM.ActiveCfg = Debug|x64
		{97682639-9F99-4EBF-8CCA-ED525CC334E6}.Debug|ARM.Build.0 = Debug|x64
		{97682639-9F99-4EBF-8CCA-ED525CC334E6}.Debug|ARM64.ActiveCfg = Debug|x64
		{97682639-9F99-4EBF-8CCA-ED525CC334E6}.Debug|ARM64.Build.0 = Debug|x64
		{97682639-9F99-4EBF-8CCA-ED525CC334E6}.Debug|x64.ActiveCfg = Debug|x64
		{97682639-9F99-4EBF-8CCA-ED525CC334E6}.Debug|x64.Build.0 = Debug|x64
		{97682639-9F99-4EBF-8CCA-ED525CC334E6}.Debug|x86.ActiveCfg = Debug|Win32
		{97682639-9F99-4EBF-8CCA-ED525CC334E6}.Debug|x86.Build.0 = Debug|Win32
		{97682639-9F99-4EBF-8CCA-ED525CC334E6}.Release|ARM.ActiveCfg = Release|x64
		{97682639-9F99-4EBF-8CCA-ED525CC334E6}.Release|ARM.Build.0 = Release|x64
		{97682639-9F99-4EBF-8CCA-ED525CC334E6}.Release|ARM64.ActiveCfg = Release|x64
		{97682639-9F99-4EBF-8CCA-ED525CC334E6}.Release|ARM64.Build.0 = Release|x64
		{97682639-9F99-4EBF-8CCA-ED525CC334E6}.Release|x64.ActiveCfg = Release|x64
		{97682639-9F99-4EBF-8CCA-ED525CC334E6}.Release|x64.Build.0 = Release|x64
		{97682639-9F99-4EBF-8CCA-ED525CC334E6}.Release|x86.ActiveCfg = Release|Win32
		{97682639-9F99-4EBF-8CCA-ED525CC334E6}.Release|x86.Build.0 = Release|Win32
		{B7AA03F8-8413-47E6-9E6A-1B2CDFE4BB0E}.Debug|ARM.ActiveCfg = Debug|x64
		{B7AA03F8-8413-47E6-9E6A-1B2CDFE4BB0E}.Debug|ARM.Build.0 = Debug|x64
		{B7AA03F8-8413-47E6-9E6A-1B2CDFE4BB0E}.Debug|ARM64.ActiveCfg = Debug|x64
		{B7AA03F8-8413-47E6-9E6A-1B2CDFE4BB0E}.Debug|ARM64.Build.0 = Debug|x64
		{B7AA03F8-8413-47E6-9E6A-1B2CDFE4BB0E}.Debug|x64.ActiveCfg = Debug|x64
		{B7AA03F8-8413-47E6-9E6A-1B2CDFE4BB0E}.Debug|x64.Build.0 = Debug|x64
		{B7AA03F8-8413-47E6-9E6A-1B2CDFE4BB0E}.Debug|x86.ActiveCfg = Debug|Win32
		{B7AA03F8-8413-47E6-9E6A-1B2CDFE4BB0E}.Debug|x86.Build.0 = Debug|Win32
		{B7AA03F8-8413-47E6-9E6A-1B2CDFE4BB0E}.Release|ARM.ActiveCfg = Release|x64
		{B7AA03F8-8413-47E6-9E6A-1B2CDFE4BB0E}.Release|ARM.Build.0 = Release|x64
		{B7AA03F8-8413-47E6-9E6A-1B2CDFE4BB0E}.Release|ARM64.ActiveCfg = Release|x64
		{B7AA03F8-8413-47E6-9E6A-1B2CDFE4BB0E}.Release|ARM64.Build.0 = Release|x64
		{B7AA03F8-8413-47E6-9E6A-1B2CDFE4BB0E}.Release|x64.ActiveCfg = Release|x64
		{B7AA03F8-8413-47E6-9E6A-1B2CDFE4BB0E}.Release|x64.Build.0 = Release|x64
		{B7AA03F8-8413-47E6-9E6A-1B2CDFE4BB0E}.Release|x86.ActiveCfg = Release|Win32
		{B7AA03F8-8413-47E6-9E6A-1B2CDFE4BB0E}.Release|x86.Build.0 = Release|Win32
		{7DC925D2-6DCB-49C7-8266-5245990D78EB}.Debug|ARM.ActiveCfg = Debug|x64
		{7DC925D2-6DCB-49C7-8266-5245990D78EB}.Debug|ARM.Build.0 = Debug|x64
		{7DC925D2-6DCB-49C7-8266-5245990D78EB}.Debug|ARM64.ActiveCfg = Debug|x64
		{7DC925D2-6DCB-49C7-8266-5245990D78EB}.Debug|ARM64.Build.0 = Debug|x64
		{7DC925D2-6DCB-49C7-8266-5245990D78EB}.Debug|x64.ActiveCfg = Debug|x64
		{7DC925D2-6DCB-49C7-8266-5245990D78EB}.Debug|x64.Build.0 = Debug|x64
		{7DC925D2-6DCB-49C7-8266-5245990D78EB}.Debug|x86.ActiveCfg = Debug|Win32
		{7DC925D2-6DCB-49C7-8266-5245990D78EB}.Debug|x86.Build.0 = Debug|Win32
		{7DC925D2-6DCB-49C7-8266-5245990D78EB}.Release|ARM.ActiveCfg = Release|x64
		{7DC925D2-6DCB-49C7-8266-5245990D78EB}.Release|ARM.Build.0 = Release|x64
		{7DC925D2-6DCB-49C7-8266-5245990D78EB}.Release|ARM64.ActiveCfg = Release|x64
		{7DC925D2-6DCB-49C7-8266-5245990D78EB}.Release|ARM64.Build.0 = Release|x64
		{7DC925D2-6DCB-49C7-8266-5245990D78EB}.Release|x64.ActiveCfg = Release|x64
		{7DC925D2-6DCB-49C7-8266-5245990D78EB}.Release|x64.Build.0 = Release|x64
		{7DC925D2-6DCB-49C7-8266-5245990D78EB}.Release|x86.ActiveCfg = Release|Win32
		{7DC925D2-6DCB-49C7-8266-5245990D78EB}.Release|x86.Build.0 = Release|Win32
		{2E253E83-EBA4-407E-8886-03DFB83AE0EE}.Debug|ARM.ActiveCfg = Debug|x64
		{2E253E83-EBA4-407E-8886-03DFB83AE0EE}.Debug|ARM.Build.0 = Debug|x64
		{2E253E83-EBA4-407E-8886-03DFB83AE0EE}.Debug|ARM64.ActiveCfg = Debug|x64
		{2E253E83-EBA4-407E-8886-03DFB83AE0EE}.Debug|ARM64.Build.0 = Debug|x64
		{2E253E83-EBA4-407E-8886-03DFB83AE0EE}.Debug|x64.ActiveCfg = Debug|x64
		{2E253E83-EBA4-407E-8886-03DFB83AE0EE}.Debug|x64.Build.0 = Debug|x64
		{2E253E83-EBA4-407E-8886-03DFB83AE0EE}.Debug|x86.ActiveCfg = Debug|Win32
		{2E253E83-EBA4-407E-8886-03DFB83AE0EE}.Debug|x86.Build.0 = Debug|Win32
		{2E253E83-EBA4-407E-8886-03DFB83AE0EE}.Release|ARM.ActiveCfg = Release|x64
		{2E253E83-EBA4-407E-8886-03DFB83AE0EE}.Release|ARM.Build.0 = Release|x64
		{2E253E83-EBA4-407E-8886-03DFB83AE0EE}.Release|ARM64.ActiveCfg = Release|x64
		{2E253E83-EBA4-407E-8886-03DFB83AE0EE}.Release|ARM64.Build.0 = Release|x64
		{2E253E83-EBA4-407E-8886-03DFB83AE0EE}.Release|x64.ActiveCfg = Release|x64
		{2E253E83-EBA4-407E-8886-03DFB83AE0EE}.Release|x64.Build.0 = Release|x64
		{2E253E83-EBA4-407E-8886-03DFB83AE0EE}.Release|x86.ActiveCfg = Release|Win32
		{2E253E83-EBA4-407E-8886-03DFB83AE0EE}.Release|x86.Build.0 = Release|Win32
		{62C859DB-4AC9-447F-9B08-140FF6ABE3C5}.Debug|ARM.ActiveCfg = Debug|x64
		{62C859DB-4AC9-447F-9B08-140FF6ABE3C5}.Debug|ARM.Build.0 = Debug|x64
		{62C859DB-4AC9-447F-9B08-140FF6ABE3C5}.Debug|ARM64.ActiveCfg = Debug|x64
		{62C859DB-4AC9-447F-9B08-140FF6ABE3C5}.Debug|ARM64.Build.0 = Debug|x64
		{62C859DB-4AC9-447F-9B08-140FF6ABE3C5}.Debug|x64.ActiveCfg = Debug|x64
		{62C859DB-4AC9-447F-9B08-140FF6ABE3C5}.Debug|x64.Build.0 = Debug|x64
		{62C859DB-4AC9-447F-9B08-140FF6ABE3C5}.Debug|x86.ActiveCfg = Debug|Win32
		{62C859DB-4AC9-447F-9B08-140FF6ABE3C5}.Debug|x86.Build.0 = Debug|Win32
		{62C859DB-4AC9-447F-9B08-140FF6ABE3C5}.Release|ARM.ActiveCfg = Release|x64
		{62C859DB-4AC9-447F-9B08-140FF6ABE3C5}.Release|ARM.Build.0 = Release|x64
		{62C859DB-4AC9-447F-9B08-140FF6ABE3C5}.Release|ARM64.ActiveCfg = Release|x64
		{62C859DB-4AC9-447F-9B08-140FF6ABE3C5}.Release|ARM64.Build.0 = Release|x64
		{62C859DB-4AC9-447F-9B08-140FF6ABE3C5}.Release|x64.ActiveCfg = Release|x64
		{62C859DB-4AC9-447F-9B08-140FF6ABE3C5}.Release|x64.Build.0 = Release|x64
		{62C859DB-4AC9-447F-9B08-140FF6ABE3C5}.Release|x86.ActiveCfg = Release|Win32
		{62C859DB-4AC9-447F-9B08-140FF6ABE3C5}.Release|x86.Build.0 = Release|Win32
		{7416C69D-0BBA-45F7-B132-B4FDAE1E0206}.Debug|ARM.ActiveCfg = Debug|x64
		{7416C69D-0BBA-45F7-B132-B4FDAE1E0206}.Debug|ARM.Build.0 = Debug|x64
		{7416C69D-0BBA-45F7-B132-B4FDAE1E0206}.Debug|ARM64.ActiveCfg = Debug|x64
		{7416C69D-0BBA-45F7-B132-B4FDAE1E0206}.Debug|ARM64.Build.0 = Debug|x64
		{7416C69D-0BBA-45F7-B132-B4FDAE1E0206}.Debug|x64.ActiveCfg = Debug|x64
		{7416C69D-0BBA-45F7-B132-B4FDAE1E0206}.Debug|x64.Build.0 = Debug|x64
		{7416C69D-0BBA-45F7-B132-B4FDAE1E0206}.Debug|x86.ActiveCfg = Debug|Win32
		{7416C69D-0BBA-45F7-B132-B4FDAE1E0206}.Debug|x86.Build.0 = Debug|Win32
		{7416C69D-0BBA-45F7-B132-B4FDAE1E0206}.Release|ARM.ActiveCfg = Release|x64
		{7416C69D-0BBA-45F7-B132-B4FDAE1E0206}.Release|ARM.Build.0 = Release|x64
		{7416C69D-0BBA-45F7-B132-B4FDAE1E0206}.Release|ARM64.ActiveCfg = Release|x64
		{7416C69D-0BBA-45F7-B132-B4FDAE1E0206}.Release|ARM64.Build.0 = Release|x64
		{7416C69D-0BBA-45F7-B132-B4FDAE1E0206}.Release|x64.ActiveCfg = Release|x64
		{7416C69D-0BBA-45F7-B132-B4FDAE1E0206}.Release|x64.Build.0 = Release|x64
		{7416C69D-0BBA-45F7-B132-B4FDAE1E0206}.Release|x86.ActiveCfg = Release|Win32
		{7416C69D-0BBA-45F7-B132-B4FDAE1E0206}.Release|x86.Build.0 = Release|Win32
		{6B41741F-F334-4C5F-AB24-6A98C9FD0751}.Debug|ARM.ActiveCfg = Debug|x64
		{6B41741F-F334-4C5F-AB24-6A98C9FD0751}.Debug|ARM.Build.0 = Debug|x64
		{6B41741F-F334-4C5F-AB24-6A98C9FD0751}.Debug|ARM64.ActiveCfg = Debug|x64
		{6B41741F-F334-4C5F-AB24-6A98C9FD0751}.Debug|ARM64.Build.0 = Debug|x64
		{6B41741F-F334-4C5F-AB24-6A98C9FD0751}.Debug|x64.ActiveCfg = Debug|x64
		{6B41741F-F334-4C5F-AB24-6A98C9FD0751}.Debug|x64.Build.0 = Debug|x64
		{6B41741F-F334-4C5F-AB24-6A98C9FD0751}.Debug|x86.ActiveCfg = Debug|Win32
		{6B41741F-F334-4C5F-AB24-6A98C9FD0751}.Debug|x86.Build.0 = Debug|Win32
		{6B41741F-F334-4C5F-AB24-6A98C9FD0751}.Release|ARM.ActiveCfg = Release|x64
		{6B41741F-F334-4C5F-AB24-6A98C9FD0751}.Release|ARM.Build.0 = Release|x64
		{6B41741F-F334-4C5F-AB24-6A98C9FD0751}.Release|ARM64.ActiveCfg = Release|x64
		{6B41741F-F334-4C5F-AB24-6A98C9FD0751}.Release|ARM64.Build.0 = Release|x64
		{6B41741F-F334-4C5F-AB24-6A98C9FD0751}.Release|x64.ActiveCfg = Release|x64
		{6B41741F-F334-4C5F-AB24-6A98C9FD0751}.Release|x64.Build.0 = Release|x64
		{6B41741F-F334-4C5F-AB24-6A98C9FD0751}.Release|x86.ActiveCfg = Release|Win32
		{6B41741F-F334-4C5F-AB24-6A98C9FD0751}.Release|x86.Build.0 = Release|Win32
		{DDA49B69-DEA2-4D95-A2BC-820F94D15080}.Debug|ARM.ActiveCfg = Debug|x64
		{DDA49B69-DEA2-4D95-A2BC-820F94D15080}.Debug|ARM.Build.0 = Debug|x64
		{DDA49B69-DEA2-4D95-A2BC-820F94D15080}.Debug|ARM64.ActiveCfg = Debug|x64
		{DDA49B69-DEA2-4D95-A2BC-820F94D15080}.Debug|ARM64.Build.0 = Debug|x64
		{DDA49B69-DEA2-4D95-A2BC-820F94D15080}.Debug|x64.ActiveCfg = Debug|x64
		{DDA49B69-DEA2-4D95-A2BC-820F94D15080}.Debug|x64.Build.0 = Debug|x64
		{DDA49B69-DEA2-4D95-A2BC-820F94D15080}.Debug|x86.ActiveCfg = Debug|Win32
		{DDA49B69-DEA2-4D95-A2BC-820F94D15080}.Debug|x86.Build.0 = Debug|Win32
		{DDA49B69-DEA2-4D95-A2BC-820F94D15080}.Release|ARM.ActiveCfg = Release|x64
		{DDA49B69-DEA2-4D95-A2BC-820F94D15080}.Release|ARM.Build.0 = Release|x64
		{DDA49B69-DEA2-4D95-A2BC-820F94D15080}.Release|ARM64.ActiveCfg = Release|x64
		{DDA49B69-DEA2-4D95-A2BC-820F94D15080}.Release|ARM64.Build.0 = Release|x64
		{DDA49B69-DEA2-4D95-A2BC-820F94D15080}.Release|x64.ActiveCfg = Release|x64
		{DDA49B69-DEA2-4D95-A2BC-820F94D15080}.Release|x64.Build.0 = Release|x64
		{DDA49B69-DEA2-4D95-A2BC-820F94D15080}.Release|x86.ActiveCfg = Release|Win32
		{DDA49B69-DEA2-4D95-A2BC-820F94D15080}.Release|x86.Build.0 = Release|Win32
		{79706B0F-A789-4AEE-8B04-D04E75EF6FD4}.Debug|ARM.ActiveCfg = Debug|x64
		{79706B0F-A789-4AEE-8B04-D04E75EF6FD4}.Debug|ARM.Build.0 = Debug|x64
		{79706B0F-A789-4AEE-8B04-D04E75EF6FD4}.Debug|ARM64.ActiveCfg = Debug|x64
		{79706B0F-A789-4AEE-8B04-D04E75EF6FD4}.Debug|ARM64.Build.0 = Debug|x64
		{79706B0F-A789-4AEE-8B04-D04E75EF6FD4}.Debug|x64.ActiveCfg = Debug|x64
		{79706B0F-A789-4AEE-8B04-D04E75EF6FD4}.Debug|x64.Build.0 = Debug|x64
		{79706B0F-A789-4AEE-8B04-D04E75EF6FD4}.Debug|x86.ActiveCfg = Debug|Win32
		{79706B0F-A789-4AEE-8B04-D04E75EF6FD4}.Debug|x86.Build.0 = Debug|Win32
		{79706B0F-A789-4AEE-8B04-D04E75EF6FD4}.Release|ARM.ActiveCfg = Release|x64
		{79706B0F-A789-4AEE-8B04-D04E75EF6FD4}.Release|ARM.Build.0 = Release|x64
		{79706B0F-A789-4AEE-8B04-D04E75EF6FD4}.Release|ARM64.ActiveCfg = Release|x64
		{79706B0F-A789-4AEE-8B04-D04E75EF6FD4}.Release|ARM64.Build.0 = Release|x64
		{79706B0F-A789-4AEE-8B04-D04E75EF6FD4}.Release|x64.ActiveCfg = Release|x64
		{79706B0F-A789-4AEE-8B04-D04E75EF6FD4}.Release|x64.Build.0 = Release|x64
		{79706B0F-A789-4AEE-8B04-D04E75EF6FD4}.Release|x86.ActiveCfg = Release|Win32
		{79706B0F-A789-4AEE-8B04-D04E75EF6FD4}.Release|x86.Build.0 = Release|Win32
		{33FD06E4-9EEF-4D83-A784-21541C156DB4}.Debug|ARM.ActiveCfg = Debug|x64
		{33FD06E4-9EEF-4D83-A784-21541C156DB4}.Debug|ARM.Build.0 = Debug|x64
		{33FD06E4-9EEF-4D83-A784-21541C156DB4}.Debug|ARM64.ActiveCfg = Debug|x64
		{33FD06E4-9EEF-4D83-A784-21541C156DB4}.Debug|ARM64.Build.0 = Debug|x64
		{33FD06E4-9EEF-4D83-A784-21541C156DB4}.Debug|x64.ActiveCfg = Debug|x64
		{33FD06E4-9EEF-4D83-A784-21541C156DB4}.Debug|x64.Build.0 = Debug|x64
		{33FD06E4-9EEF-4D83-A784-21541C156DB4}.Debug|x86.ActiveCfg = Debug|Win32
		{33FD06E4-9EEF-4D83-A784-21541C156DB4}.Debug|x86.Build.0 = Debug|Win32
		{33FD06E4-9EEF-4D83-A784-21541C156DB4}.Release|ARM.ActiveCfg = Release|x64
		{33FD06E4-9EEF-4D83-A784-21541C156DB4}.Release|ARM.Build.0 = Release|x64
		{33FD06E4-9EEF-4D83-A784-21541C156DB4}.Release|ARM64.ActiveCfg = Release|x64
		{33FD06E4-9EEF-4D83-A784-21541C156DB4}.Release|ARM64.Build.0 = Release|x64
		{33FD06E4-9EEF-4D83-A784-21541C156DB4}.Release|x64.ActiveCfg = Release|x64
		{33FD06E4-9EEF-4D83-A784-21541C156DB4}.Release|x64.Build.0 = Release|x64
		{33FD06E4-9EEF-4D83-A784-21541C156DB4}.Release|x86.ActiveCfg = Release|Win32
		{33FD06E4-9EEF-4D83-A784-21541C156DB4}.Release|x86.Build.0 = Release|Win32
		{68BA3723-DD90-47CD-B8F2-BD7A48CCDB6E}.Debug|ARM.ActiveCfg = Debug|x64
		{68BA3723-DD90-47CD-B8F2-BD7A48CCDB6E}.Debug|ARM.Build.0 = Debug|x64
		{68BA3723-DD90-47CD-B8F2-BD7A48CCDB6E}.Debug|ARM64.ActiveCfg = Debug|x64
		{68BA3723-DD90-47CD-B8F2-BD7A48CCDB6E}.Debug|ARM64.Build.0 = Debug|x64
		{68BA3723-DD90-47CD-B8F2-BD7A48CCDB6E}.Debug|x64.ActiveCfg = Debug|x64
		{68BA3723-DD90-47CD-B8F2-BD7A48CCDB6E}.Debug|x64.Build.0 = Debug|x64
		{68BA3723-DD90-47CD-B8F2-BD7A48CCDB6E}.Debug|x86.ActiveCfg = Debug|Win32
		{68BA3723-DD90-47CD-B8F2-BD7A48CCDB6E}.Debug|x86.Build.0 = Debug|Win32
		{68BA3723-DD90-47CD-B8F2-BD7A48CCDB6E}.Release|ARM.ActiveCfg = Release|x64
		{68BA3723-DD90-47CD-B8F2-BD7A48CCDB6E}.Release|ARM.Build.0 = Release|x64
		{68BA3723-DD90-47CD-B8F2-BD7A48CCDB6E}.Release|ARM64.ActiveCfg = Release|x64
		{68BA3723-DD90-47CD-B8F2-BD7A48CCDB6E}.Release|ARM64.Build.0 = Release|x64
		{68BA3723-DD90-47CD-B8F2-BD7A48CCDB6E}.Release|x64.ActiveCfg = Release|x64
		{68BA3723-DD90-47CD-B8F2-BD7A48CCDB6E}.Release|x64.Build.0 = Release|x64
		{68BA3723-DD90-47CD-B8F2-BD7A48CCDB6E}.Release|x86.ActiveCfg = Release|Win32
		{68BA3723-DD90-47CD-B8F2-BD7A48CCDB6E}.Release|x86.Build.0 = Release|Win32
		{D28181A6-9321-4D41-887C-163E023C5709}.Debug|ARM.ActiveCfg = Debug|x64
		{D28181A6-9321-4D41-887C-163E023C5709}.Debug|ARM.Build.0 = Debug|x64
		{D28181A6-9321-4D41-887C-163E023C5709}.Debug|ARM64.ActiveCfg = Debug|x64
		{D28181A6-9321-4D41-887C-163E023C5709}.Debug|ARM64.Build.0 = Debug|x64
		{D28181A6-9321-4D41-887C-163E023C5709}.Debug|x64.ActiveCfg = Debug|x64
		{D28181A6-9321-4D41-887C-163E023C5709}.Debug|x64.Build.0 = Debug|x64
		{D28181A6-9321-4D41-887C-163E023C5709}.Debug|x86.ActiveCfg = Debug|Win32
		{D28181A6-9321-4D41-887C-163E023C5709}.Debug|x86.Build.0 = Debug|Win32
		{D28181A6-9321-4D41-887C-163E023C5709}.Release|ARM.ActiveCfg = Release|x64
		{D28181A6-9321-4D41-887C-163E023C5709}.Release|ARM.Build.0 = Release|x64
		{D28181A6-9321-4D41-887C-163E023C5709}.Release|ARM64.ActiveCfg = Release|x64
		{D28181A6-9321-4D41-887C-163E023C5709}.Release|ARM64.Build.0 = Release|x64
		{D28181A6-9321-4D41-887C-163E023C5709}.Release|x64.ActiveCfg = Release|x64
		{D28181A6-9321-4D41-887C-163E023C5709}.Release|x64.Build.0 = Release|x64
		{D28181A6-9321-4D41-887C-163E023C5709}.Release|x86.ActiveCfg = Release|Win32
		{D28181A6-9321-4D41-887C-163E023C5709}.Release|x86.Build.0 = Release|Win32
		{6C8AE99A-89EA-44B8-8B5E-AB20B1761D04}.Debug|ARM.ActiveCfg = Debug|x64
		{6C8AE99A-89EA-44B8-8B5E-AB20B1761D04}.Debug|ARM.Build.0 = Debug|x64
		{6C8AE99A-89EA-44B8-8B5E-AB20B1761D04}.Debug|ARM64.ActiveCfg = Debug|x64
		{6C8AE99A-89EA-44B8-8B5E-AB20B1761D04}.Debug|ARM64.Build.0 = Debug|x64
		{6C8AE99A-89EA-44B8-8B5E-AB20B1761D04}.Debug|x64.ActiveCfg = Debug|x64
		{6C8AE99A-89EA-44B8-8B5E-AB20B1761D04}.Debug|x64.Build.0 = Debug|x64
		{6C8AE99A-89EA-44B8-8B5E-AB20B1761D04}.Debug|x86.ActiveCfg = Debug|Win32
		{6C8AE99A-89EA-44B8-8B5E-AB20B1761D04}.Debug|x86.Build.0 = Debug|Win32
		{6C8AE99A-89EA-44B8-8B5E-AB20B1761D04}.Release|ARM.ActiveCfg = Release|x64
		{6C8AE99A-89EA-44B8-8B5E-AB20B1761D04}.Release|ARM.Build.0 = Release|x64
		{6C8AE99A-89EA-44B8-8B5E-AB20B1761D04}.Release|ARM64.ActiveCfg = Release|x64
		{6C8AE99A-89EA-44B8-8B5E-AB20B1761D04}.Release|ARM64.Build.0 = Release|x64
		{6C8AE99A-89EA-44B8-8B5E-AB20B1761D04}.Release|x64.ActiveCfg = Release|x64
		{6C8AE99A-89EA-44B8-8B5E-AB20B1761D04}.Release|x64.Build.0 = Release|x64
		{6C8AE99A-89EA-44B8-8B5E-AB20B1761D04}.Release|x86.ActiveCfg = Release|Win32
		{6C8AE99A-89EA-44B8-8B5E-AB20B1761D04}.Release|x86.Build.0 = Release|Win32
		{9379F221-E735-4A09-9FFB-3DE8D116C1F3}.Debug|ARM.ActiveCfg = Debug|x64
		{9379F221-E735-4A09-9FFB-3DE8D116C1F3}.Debug|ARM.Build.0 = Debug|x64
		{9379F221-E735-4A09-9FFB-3DE8D116C1F3}.Debug|ARM64.ActiveCfg = Debug|x64
		{9379F221-E735-4A09-9FFB-3DE8D116C1F3}.Debug|ARM64.Build.0 = Debug|x64
		{9379F221-E735-4A09-9FFB-3DE8D116C1F3}.Debug|x64.ActiveCfg = Debug|x64
		{9379F221-E735-4A09-9FFB-3DE8D116C1F3}.Debug|x64.Build.0 = Debug|x64
		{9379F221-E735-4A09-9FFB-3DE8D116C1F3}.Debug|x86.ActiveCfg = Debug|Win32
		{9379F221-E735-4A09-9FFB-3DE8D116C1F3}.Debug|x86.Build.0 = Debug|Win32
		{9379F221-E735-4A09-9FFB-3DE8D116C1F3}.Release|ARM.ActiveCfg = Release|x64
		{9379F221-E735-4A09-9FFB-3DE8D116C1F3}.Release|ARM.Build.0 = Release|x64
		{9379F221-E735-4A09-9FFB-3DE8D116C1F3}.Release|ARM64.ActiveCfg = Release|x64
		{9379F221-E735-4A09-9FFB-3DE8D116C1F3}.Release|ARM64.Build.0 = Release|x64
		{9379F221-E735-4A09-9FFB-3DE8D116C1F3}.Release|x64.ActiveCfg = Release|x64
		{9379F221-E735-4A09-9FFB-3DE8D116C1F3}.Release|x64.Build.0 = Release|x64
		{9379F221-E735-4A09-9FFB-3DE8D116C1F3}.Release|x86.ActiveCfg = Release|Win32
		{9379F221-E735-4A09-9FFB-3DE8D116C1F3}.Release|x86.Build.0 = Release|Win32
		{652B68CD-2FEF-4E8A-8FC5-4B937B4B38AB}.Debug|ARM.ActiveCfg = Debug|x64
		{652B68CD-2FEF-4E8A-8FC5-4B937B4B38AB}.Debug|ARM.Build.0 = Debug|x64
		{652B68CD-2FEF-4E8A-8FC5-4B937B4B38AB}.Debug|ARM64.ActiveCfg = Debug|x64
		{652B68CD-2FEF-4E8A-8FC5-4B937B4B38AB}.Debug|ARM64.Build.0 = Debug|x64
		{652B68CD-2FEF-4E8A-8FC5-4B937B4B38AB}.Debug|x64.ActiveCfg = Debug|x64
		{652B68CD-2FEF-4E8A-8FC5-4B937B4B38AB}.Debug|x64.Build.0 = Debug|x64
		{652B68CD-2FEF-4E8A-8FC5-4B937B4B38AB}.Debug|x86.ActiveCfg = Debug|Win32
		{652B68CD-2FEF-4E8A-8FC5-4B937B4B38AB}.Debug|x86.Build.0 = Debug|Win32
		{652B68CD-2FEF-4E8A-8FC5-4B937B4B38AB}.Release|ARM.ActiveCfg = Release|x64
		{652B68CD-2FEF-4E8A-8FC5-4B937B4B38AB}.Release|ARM.Build.0 = Release|x64
		{652B68CD-2FEF-4E8A-8FC5-4B937B4B38AB}.Release|ARM64.ActiveCfg = Release|x64
		{652B68CD-2FEF-4E8A-8FC5-4B937B4B38AB}.Release|ARM64.Build.0 = Release|x64
		{652B68CD-2FEF-4E8A-8FC5-4B937B4B38AB}.Release|x64.ActiveCfg = Release|x64
		{652B68CD-2FEF-4E8A-8FC5-4B937B4B38AB}.Release|x64.Build.0 = Release|x64
		{652B68CD-2FEF-4E8A-8FC5-4B937B4B38AB}.Release|x86.ActiveCfg = Release|Win32
		{652B68CD-2FEF-4E8A-8FC5-4B937B4B38AB}.Release|x86.Build.0 = Release|Win32
		{DB185F29-1806-4A30-BAE9-9DA2E34D2D01}.Debug|ARM.ActiveCfg = Debug|x64
		{DB185F29-1806-4A30-BAE9-9DA2E34D2D01}.Debug|ARM.Build.0 = Debug|x64
		{DB185F29-1806-4A30-BAE9-9DA2E34D2D01}.Debug|ARM64.ActiveCfg = Debug|x64
		{DB185F29-1806-4A30-BAE9-9DA2E34D2D01}.Debug|ARM64.Build.0 = Debug|x64
		{DB185F29-1806-4A30-BAE9-9DA2E34D2D01}.Debug|x64.ActiveCfg = Debug|x64
		{DB185F29-1806-4A30-BAE9-9DA2E34D2D01}.Debug|x64.Build.0 = Debug|x64
		{DB185F29-1806-4A30-BAE9-9DA2E34D2D01}.Debug|x86.ActiveCfg = Debug|Win32
		{DB185F29-1806-4A30-BAE9-9DA2E34D2D01}.Debug|x86.Build.0 = Debug|Win32
		{DB185F29-1806-4A30-BAE9-9DA2E34D2D01}.Release|ARM.ActiveCfg = Release|x64
		{DB185F29-1806-4A30-BAE9-9DA2E34D2D01}.Release|ARM.Build.0 = Release|x64
		{DB185F29-1806-4A30-BAE9-9DA2E34D2D01}.Release|ARM64.ActiveCfg = Release|x64
		{DB185F29-1806-4A30-BAE9-9DA2E34D2D01}.Release|ARM64.Build.0 = Release|x64
		{DB185F29-1806-4A30-BAE9-9DA2E34D2D01}.Release|x64.ActiveCfg = Release|x64
		{DB185F29-1806-4A30-BAE9-9DA2E34D2D01}.Release|x64.Build.0 = Release|x64
		{DB185F29-1806-4A30-BAE9-9DA2E34D2D01}.Release|x86.ActiveCfg = Release|Win32
		{DB185F29-1806-4A30-BAE9-9DA2E34D2D01}.Release|x86.Build.0 = Release|Win32
		{27DF1F03-A107-4ADB-B4D9-871A01484010}.Debug|ARM.ActiveCfg = Debug|x64
		{27DF1F03-A107-4ADB-B4D9-871A01484010}.Debug|ARM.Build.0 = Debug|x64
		{27DF1F03-A107-4ADB-B4D9-871A01484010}.Debug|ARM64.ActiveCfg = Debug|x64
		{27DF1F03-A107-4ADB-B4D9-871A01484010}.Debug|ARM64.Build.0 = Debug|x64
		{27DF1F03-A107-4ADB-B4D9-871A01484010}.Debug|x64.ActiveCfg = Debug|x64
		{27DF1F03-A107-4ADB-B4D9-871A01484010}.Debug|x64.Build.0 = Debug|x64
		{27DF1F03-A107-4ADB-B4D9-871A01484010}.Debug|x86.ActiveCfg = Debug|Win32
		{27DF1F03-A107-4ADB-B4D9-871A01484010}.Debug|x86.Build.0 = Debug|Win32
		{27DF1F03-A107-4ADB-B4D9-871A01484010}.Release|ARM.ActiveCfg = Release|x64
		{27DF1F03-A107-4ADB-B4D9-871A01484010}.Release|ARM.Build.0 = Release|x64
		{27DF1F03-A107-4ADB-B4D9-871A01484010}.Release|ARM64.ActiveCfg = Release|x64
		{27DF1F03-A107-4ADB-B4D9-871A01484010}.Release|ARM64.Build.0 = Release|x64
		{27DF1F03-A107-4ADB-B4D9-871A01484010}.Release|x64.ActiveCfg = Release|x64
		{27DF1F03-A107-4ADB-B4D9-871A01484010}.Release|x64.Build.0 = Release|x64
		{27DF1F03-A107-4ADB-B4D9-871A01484010}.Release|x86.ActiveCfg = Release|Win32
		{27DF1F03-A107-4ADB-B4D9-871A01484010}.Release|x86.Build.0 = Release|Win32
		{C41BD685-AA27-4752-BB1E-1D3062DBC21F}.Debug|ARM.ActiveCfg = Debug|x64
		{C41BD685-AA27-4752-BB1E-1D3062DBC21F}.Debug|ARM.Build.0 = Debug|x64
		{C41BD685-AA27-4752-BB1E-1D3062DBC21F}.Debug|ARM64.ActiveCfg = Debug|x64
		{C41BD685-AA27-4752-BB1E-1D3062DBC21F}.Debug|ARM64.Build.0 = Debug|x64
		{C41BD685-AA27-4752-BB1E-1D3062DBC21F}.Debug|x64.ActiveCfg = Debug|x64
		{C41BD685-AA27-4752-BB1E-1D3062DBC21F}.Debug|x64.Build.0 = Debug|x64
		{C41BD685-AA27-4752-BB1E-1D3062DBC21F}.Debug|x86.ActiveCfg = Debug|Win32
		{C41BD685-AA27-4752-BB1E-1D3062DBC21F}.Debug|x86.Build.0 = Debug|Win32
		{C41BD685-AA27-4752-BB1E-1D3062DBC21F}.Release|ARM.ActiveCfg = Release|x64
		{C41BD685-AA27-4752-BB1E-1D3062DBC21F}.Release|ARM.Build.0 = Release|x64
		{C41BD685-AA27-4752-BB1E-1D3062DBC21F}.Release|ARM64.ActiveCfg = Release|x64
		{C41BD685-AA27-4752-BB1E-1D3062DBC21F}.Release|ARM64.Build.0 = Release|x64
		{C41BD685-AA27-4752-BB1E-1D3062DBC21F}.Release|x64.ActiveCfg = Release|x64
		{C41BD685-AA27-4752-BB1E-1D3062DBC21F}.Release|x64.Build.0 = Release|x64
		{C41BD685-AA27-4752-BB1E-1D3062DBC21F}.Release|x86.ActiveCfg = Release|Win32
		{C41BD685-AA27-4752-BB1E-1D3062DBC21F}.Release|x86.Build.0 = Release|Win32
	EndGlobalSection
	GlobalSection(SolutionProperties) = preSolution
		HideSolutionNode = FALSE
	EndGlobalSection
	GlobalSection(ExtensibilityGlobals) = postSolution
		SolutionGuid = {1685FB5E-CCD3-4EFF-A565-0F373484DB5B}
	EndGlobalSection
EndGlobal
